
Microsoft Visual Studio Solution File, Format Version 12.00
# Visual Studio Version 17
VisualStudioVersion = 17.14.36109.1 d17.14
MinimumVisualStudioVersion = 10.0.40219.1
Project("{FAE04EC0-301F-11D3-BF4B-00C04F79EFBC}") = "List Helper", "List Helper.csproj", "{D2FCF3FA-0472-4EF6-9D0B-7C8E3C4CD463}"
EndProject
Project("{FAE04EC0-301F-11D3-BF4B-00C04F79EFBC}") = "App", "..\App\App.csproj", "{89FC23A7-8C00-479B-8342-B417B62CC091}"
EndProject
Global
	GlobalSection(SolutionConfigurationPlatforms) = preSolution
		Debug|Any CPU = Debug|Any CPU
		Release|Any CPU = Release|Any CPU
	EndGlobalSection
	GlobalSection(ProjectConfigurationPlatforms) = postSolution
		{D2FCF3FA-0472-4EF6-9D0B-7C8E3C4CD463}.Debug|Any CPU.ActiveCfg = Debug|Any CPU
		{D2FCF3FA-0472-4EF6-9D0B-7C8E3C4CD463}.Debug|Any CPU.Build.0 = Debug|Any CPU
		{D2FCF3FA-0472-4EF6-9D0B-7C8E3C4CD463}.Release|Any CPU.ActiveCfg = Release|Any CPU
		{D2FCF3FA-0472-4EF6-9D0B-7C8E3C4CD463}.Release|Any CPU.Build.0 = Release|Any CPU
		{89FC23A7-8C00-479B-8342-B417B62CC091}.Debug|Any CPU.ActiveCfg = Debug|Any CPU
		{89FC23A7-8C00-479B-8342-B417B62CC091}.Debug|Any CPU.Build.0 = Debug|Any CPU
		{89FC23A7-8C00-479B-8342-B417B62CC091}.Release|Any CPU.ActiveCfg = Release|Any CPU
		{89FC23A7-8C00-479B-8342-B417B62CC091}.Release|Any CPU.Build.0 = Release|Any CPU
	EndGlobalSection
	GlobalSection(SolutionProperties) = preSolution
		HideSolutionNode = FALSE
	EndGlobalSection
	GlobalSection(ExtensibilityGlobals) = postSolution
		SolutionGuid = {A89FA623-CAC0-49A8-826E-659858B08490}
	EndGlobalSection
EndGlobal
